
Microsoft Visual Studio Solution File, Format Version 12.00
# Visual Studio 15
VisualStudioVersion = 15.0.26730.12
MinimumVisualStudioVersion = 10.0.40219.1
Project("{FAE04EC0-301F-11D3-BF4B-00C04F79EFBC}") = "CartWeb", "CartWeb\CartWeb.csproj", "{7BFA5F04-FC5D-4808-B2C6-0EF943BD13F0}"
EndProject
Project("{FAE04EC0-301F-11D3-BF4B-00C04F79EFBC}") = "CartWeb.Tests", "CartWeb.Tests\CartWeb.Tests.csproj", "{9F63EFF3-ACCA-4836-A34F-F5831B55C8EE}"
EndProject
Global
	GlobalSection(SolutionConfigurationPlatforms) = preSolution
		Debug|Any CPU = Debug|Any CPU
		Release|Any CPU = Release|Any CPU
	EndGlobalSection
	GlobalSection(ProjectConfigurationPlatforms) = postSolution
		{7BFA5F04-FC5D-4808-B2C6-0EF943BD13F0}.Debug|Any CPU.ActiveCfg = Debug|Any CPU
		{7BFA5F04-FC5D-4808-B2C6-0EF943BD13F0}.Debug|Any CPU.Build.0 = Debug|Any CPU
		{7BFA5F04-FC5D-4808-B2C6-0EF943BD13F0}.Release|Any CPU.ActiveCfg = Release|Any CPU
		{7BFA5F04-FC5D-4808-B2C6-0EF943BD13F0}.Release|Any CPU.Build.0 = Release|Any CPU
		{9F63EFF3-ACCA-4836-A34F-F5831B55C8EE}.Debug|Any CPU.ActiveCfg = Debug|Any CPU
		{9F63EFF3-ACCA-4836-A34F-F5831B55C8EE}.Debug|Any CPU.Build.0 = Debug|Any CPU
		{9F63EFF3-ACCA-4836-A34F-F5831B55C8EE}.Release|Any CPU.ActiveCfg = Release|Any CPU
		{9F63EFF3-ACCA-4836-A34F-F5831B55C8EE}.Release|Any CPU.Build.0 = Release|Any CPU
	EndGlobalSection
	GlobalSection(SolutionProperties) = preSolution
		HideSolutionNode = FALSE
	EndGlobalSection
	GlobalSection(ExtensibilityGlobals) = postSolution
		SolutionGuid = {DFCDE7F8-FAF6-4985-AA49-CBA96990F9A2}
	EndGlobalSection
EndGlobal
